// !$*UTF8*$!
{
	archiveVersion = 1;
	classes = {
	};
	objectVersion = 50;
	objects = {

/* Begin PBXBuildFile section */
		AA00E618215F5E0000CD18DE /* CompleteViewController.swift in Sources */ = {isa = PBXBuildFile; fileRef = AA00E617215F5E0000CD18DE /* CompleteViewController.swift */; };
		AA28570A2145F2A2008DD8B1 /* SelectViewController.swift in Sources */ = {isa = PBXBuildFile; fileRef = AA2857092145F2A2008DD8B1 /* SelectViewController.swift */; };
		AA6B2CF0214431260096A24E /* AppDelegate.swift in Sources */ = {isa = PBXBuildFile; fileRef = AA6B2CEF214431260096A24E /* AppDelegate.swift */; };
		AA6B2CF2214431260096A24E /* ViewController.swift in Sources */ = {isa = PBXBuildFile; fileRef = AA6B2CF1214431260096A24E /* ViewController.swift */; };
		AA6B2CF5214431260096A24E /* Main.storyboard in Resources */ = {isa = PBXBuildFile; fileRef = AA6B2CF3214431260096A24E /* Main.storyboard */; };
		AA6B2CF7214431270096A24E /* Assets.xcassets in Resources */ = {isa = PBXBuildFile; fileRef = AA6B2CF6214431270096A24E /* Assets.xcassets */; };
		AA6B2CFA214431270096A24E /* LaunchScreen.storyboard in Resources */ = {isa = PBXBuildFile; fileRef = AA6B2CF8214431270096A24E /* LaunchScreen.storyboard */; };
		AA6B2D022144317C0096A24E /* GoogleService-Info.plist in Resources */ = {isa = PBXBuildFile; fileRef = AA6B2D012144317C0096A24E /* GoogleService-Info.plist */; };
		AAED2976214E63FF00FA7A0D /* InViewController.swift in Sources */ = {isa = PBXBuildFile; fileRef = AAED2975214E63FF00FA7A0D /* InViewController.swift */; };
		D9232FF34F5179E07FFDBFFE /* Pods_kissa_accounting.framework in Frameworks */ = {isa = PBXBuildFile; fileRef = 6D4599935B61EA43CA29A8B9 /* Pods_kissa_accounting.framework */; };
/* End PBXBuildFile section */

/* Begin PBXFileReference section */
		42D64E8960358071C727D4AD /* Pods-kissa_accounting.debug.xcconfig */ = {isa = PBXFileReference; includeInIndex = 1; lastKnownFileType = text.xcconfig; name = "Pods-kissa_accounting.debug.xcconfig"; path = "Pods/Target Support Files/Pods-kissa_accounting/Pods-kissa_accounting.debug.xcconfig"; sourceTree = "<group>"; };
		68686639555A14A6602EAB62 /* Pods-kissa_accounting.release.xcconfig */ = {isa = PBXFileReference; includeInIndex = 1; lastKnownFileType = text.xcconfig; name = "Pods-kissa_accounting.release.xcconfig"; path = "Pods/Target Support Files/Pods-kissa_accounting/Pods-kissa_accounting.release.xcconfig"; sourceTree = "<group>"; };
		6D4599935B61EA43CA29A8B9 /* Pods_kissa_accounting.framework */ = {isa = PBXFileReference; explicitFileType = wrapper.framework; includeInIndex = 0; path = Pods_kissa_accounting.framework; sourceTree = BUILT_PRODUCTS_DIR; };
		AA00E617215F5E0000CD18DE /* CompleteViewController.swift */ = {isa = PBXFileReference; lastKnownFileType = sourcecode.swift; path = CompleteViewController.swift; sourceTree = "<group>"; };
		AA2857092145F2A2008DD8B1 /* SelectViewController.swift */ = {isa = PBXFileReference; lastKnownFileType = sourcecode.swift; path = SelectViewController.swift; sourceTree = "<group>"; };
		AA6B2CEC214431260096A24E /* kissa_accounting.app */ = {isa = PBXFileReference; explicitFileType = wrapper.application; includeInIndex = 0; path = kissa_accounting.app; sourceTree = BUILT_PRODUCTS_DIR; };
		AA6B2CEF214431260096A24E /* AppDelegate.swift */ = {isa = PBXFileReference; lastKnownFileType = sourcecode.swift; path = AppDelegate.swift; sourceTree = "<group>"; };
		AA6B2CF1214431260096A24E /* ViewController.swift */ = {isa = PBXFileReference; lastKnownFileType = sourcecode.swift; path = ViewController.swift; sourceTree = "<group>"; };
		AA6B2CF4214431260096A24E /* Base */ = {isa = PBXFileReference; lastKnownFileType = file.storyboard; name = Base; path = Base.lproj/Main.storyboard; sourceTree = "<group>"; };
		AA6B2CF6214431270096A24E /* Assets.xcassets */ = {isa = PBXFileReference; lastKnownFileType = folder.assetcatalog; path = Assets.xcassets; sourceTree = "<group>"; };
		AA6B2CF9214431270096A24E /* Base */ = {isa = PBXFileReference; lastKnownFileType = file.storyboard; name = Base; path = Base.lproj/LaunchScreen.storyboard; sourceTree = "<group>"; };
		AA6B2CFB214431270096A24E /* Info.plist */ = {isa = PBXFileReference; lastKnownFileType = text.plist.xml; path = Info.plist; sourceTree = "<group>"; };
		AA6B2D012144317C0096A24E /* GoogleService-Info.plist */ = {isa = PBXFileReference; fileEncoding = 4; lastKnownFileType = text.plist.xml; path = "GoogleService-Info.plist"; sourceTree = "<group>"; };
		AAED2975214E63FF00FA7A0D /* InViewController.swift */ = {isa = PBXFileReference; lastKnownFileType = sourcecode.swift; path = InViewController.swift; sourceTree = "<group>"; };
/* End PBXFileReference section */

/* Begin PBXFrameworksBuildPhase section */
		AA6B2CE9214431250096A24E /* Frameworks */ = {
			isa = PBXFrameworksBuildPhase;
			buildActionMask = 2147483647;
			files = (
				D9232FF34F5179E07FFDBFFE /* Pods_kissa_accounting.framework in Frameworks */,
			);
			runOnlyForDeploymentPostprocessing = 0;
		};
/* End PBXFrameworksBuildPhase section */

/* Begin PBXGroup section */
		2F1065D281FC19F437AE6F3E /* Frameworks */ = {
			isa = PBXGroup;
			children = (
				6D4599935B61EA43CA29A8B9 /* Pods_kissa_accounting.framework */,
			);
			name = Frameworks;
			sourceTree = "<group>";
		};
		AA6B2CE3214431250096A24E = {
			isa = PBXGroup;
			children = (
				AA6B2CEE214431260096A24E /* kissa_accounting */,
				AA6B2CED214431260096A24E /* Products */,
				E2BF8AAD29232A63EE00435B /* Pods */,
				2F1065D281FC19F437AE6F3E /* Frameworks */,
			);
			sourceTree = "<group>";
		};
		AA6B2CED214431260096A24E /* Products */ = {
			isa = PBXGroup;
			children = (
				AA6B2CEC214431260096A24E /* kissa_accounting.app */,
			);
			name = Products;
			sourceTree = "<group>";
		};
		AA6B2CEE214431260096A24E /* kissa_accounting */ = {
			isa = PBXGroup;
			children = (
				AA6B2CEF214431260096A24E /* AppDelegate.swift */,
				AAED2975214E63FF00FA7A0D /* InViewController.swift */,
				AA6B2CF1214431260096A24E /* ViewController.swift */,
				AA00E617215F5E0000CD18DE /* CompleteViewController.swift */,
				AA6B2CF3214431260096A24E /* Main.storyboard */,
				AA2857092145F2A2008DD8B1 /* SelectViewController.swift */,
				AA6B2CF6214431270096A24E /* Assets.xcassets */,
				AA6B2CF8214431270096A24E /* LaunchScreen.storyboard */,
				AA6B2CFB214431270096A24E /* Info.plist */,
				AA6B2D012144317C0096A24E /* GoogleService-Info.plist */,
			);
			path = kissa_accounting;
			sourceTree = "<group>";
		};
		E2BF8AAD29232A63EE00435B /* Pods */ = {
			isa = PBXGroup;
			children = (
				42D64E8960358071C727D4AD /* Pods-kissa_accounting.debug.xcconfig */,
				68686639555A14A6602EAB62 /* Pods-kissa_accounting.release.xcconfig */,
			);
			name = Pods;
			sourceTree = "<group>";
		};
/* End PBXGroup section */

/* Begin PBXNativeTarget section */
		AA6B2CEB214431250096A24E /* kissa_accounting */ = {
			isa = PBXNativeTarget;
			buildConfigurationList = AA6B2CFE214431270096A24E /* Build configuration list for PBXNativeTarget "kissa_accounting" */;
			buildPhases = (
				0F8295F6B5C9C7415A5690F5 /* [CP] Check Pods Manifest.lock */,
				AA6B2CE8214431250096A24E /* Sources */,
				AA6B2CE9214431250096A24E /* Frameworks */,
				AA6B2CEA214431250096A24E /* Resources */,
				E7F44C76102CC2588E7A12E2 /* [CP] Embed Pods Frameworks */,
			);
			buildRules = (
			);
			dependencies = (
			);
			name = kissa_accounting;
			productName = kissa_accounting;
			productReference = AA6B2CEC214431260096A24E /* kissa_accounting.app */;
			productType = "com.apple.product-type.application";
		};
/* End PBXNativeTarget section */

/* Begin PBXProject section */
		AA6B2CE4214431250096A24E /* Project object */ = {
			isa = PBXProject;
			attributes = {
				LastSwiftUpdateCheck = 0940;
				LastUpgradeCheck = 0940;
				ORGANIZATIONNAME = "Kei Kawamura";
				TargetAttributes = {
					AA6B2CEB214431250096A24E = {
						CreatedOnToolsVersion = 9.4.1;
						LastSwiftMigration = 1000;
					};
				};
			};
			buildConfigurationList = AA6B2CE7214431250096A24E /* Build configuration list for PBXProject "kissa_accounting" */;
			compatibilityVersion = "Xcode 9.3";
			developmentRegion = en;
			hasScannedForEncodings = 0;
			knownRegions = (
				en,
				Base,
			);
			mainGroup = AA6B2CE3214431250096A24E;
			productRefGroup = AA6B2CED214431260096A24E /* Products */;
			projectDirPath = "";
			projectRoot = "";
			targets = (
				AA6B2CEB214431250096A24E /* kissa_accounting */,
			);
		};
/* End PBXProject section */

/* Begin PBXResourcesBuildPhase section */
		AA6B2CEA214431250096A24E /* Resources */ = {
			isa = PBXResourcesBuildPhase;
			buildActionMask = 2147483647;
			files = (
				AA6B2CFA214431270096A24E /* LaunchScreen.storyboard in Resources */,
				AA6B2D022144317C0096A24E /* GoogleService-Info.plist in Resources */,
				AA6B2CF7214431270096A24E /* Assets.xcassets in Resources */,
				AA6B2CF5214431260096A24E /* Main.storyboard in Resources */,
			);
			runOnlyForDeploymentPostprocessing = 0;
		};
/* End PBXResourcesBuildPhase section */

/* Begin PBXShellScriptBuildPhase section */
		0F8295F6B5C9C7415A5690F5 /* [CP] Check Pods Manifest.lock */ = {
			isa = PBXShellScriptBuildPhase;
			buildActionMask = 2147483647;
			files = (
			);
			inputPaths = (
				"${PODS_PODFILE_DIR_PATH}/Podfile.lock",
				"${PODS_ROOT}/Manifest.lock",
			);
			name = "[CP] Check Pods Manifest.lock";
			outputPaths = (
				"$(DERIVED_FILE_DIR)/Pods-kissa_accounting-checkManifestLockResult.txt",
			);
			runOnlyForDeploymentPostprocessing = 0;
			shellPath = /bin/sh;
			shellScript = "diff \"${PODS_PODFILE_DIR_PATH}/Podfile.lock\" \"${PODS_ROOT}/Manifest.lock\" > /dev/null\nif [ $? != 0 ] ; then\n    # print error to STDERR\n    echo \"error: The sandbox is not in sync with the Podfile.lock. Run 'pod install' or update your CocoaPods installation.\" >&2\n    exit 1\nfi\n# This output is used by Xcode 'outputs' to avoid re-running this script phase.\necho \"SUCCESS\" > \"${SCRIPT_OUTPUT_FILE_0}\"\n";
			showEnvVarsInLog = 0;
		};
		E7F44C76102CC2588E7A12E2 /* [CP] Embed Pods Frameworks */ = {
			isa = PBXShellScriptBuildPhase;
			buildActionMask = 2147483647;
			files = (
			);
			inputPaths = (
				"${SRCROOT}/Pods/Target Support Files/Pods-kissa_accounting/Pods-kissa_accounting-frameworks.sh",
				"${BUILT_PRODUCTS_DIR}/GoogleUtilities/GoogleUtilities.framework",
				"${BUILT_PRODUCTS_DIR}/leveldb-library/leveldb.framework",
			);
			name = "[CP] Embed Pods Frameworks";
			outputPaths = (
				"${TARGET_BUILD_DIR}/${FRAMEWORKS_FOLDER_PATH}/GoogleUtilities.framework",
				"${TARGET_BUILD_DIR}/${FRAMEWORKS_FOLDER_PATH}/leveldb.framework",
			);
			runOnlyForDeploymentPostprocessing = 0;
			shellPath = /bin/sh;
			shellScript = "\"${SRCROOT}/Pods/Target Support Files/Pods-kissa_accounting/Pods-kissa_accounting-frameworks.sh\"\n";
			showEnvVarsInLog = 0;
		};
/* End PBXShellScriptBuildPhase section */

/* Begin PBXSourcesBuildPhase section */
		AA6B2CE8214431250096A24E /* Sources */ = {
			isa = PBXSourcesBuildPhase;
			buildActionMask = 2147483647;
			files = (
				AA28570A2145F2A2008DD8B1 /* SelectViewController.swift in Sources */,
				AAED2976214E63FF00FA7A0D /* InViewController.swift in Sources */,
				AA6B2CF2214431260096A24E /* ViewController.swift in Sources */,
				AA00E618215F5E0000CD18DE /* CompleteViewController.swift in Sources */,
				AA6B2CF0214431260096A24E /* AppDelegate.swift in Sources */,
			);
			runOnlyForDeploymentPostprocessing = 0;
		};
/* End PBXSourcesBuildPhase section */

/* Begin PBXVariantGroup section */
		AA6B2CF3214431260096A24E /* Main.storyboard */ = {
			isa = PBXVariantGroup;
			children = (
				AA6B2CF4214431260096A24E /* Base */,
			);
			name = Main.storyboard;
			sourceTree = "<group>";
		};
		AA6B2CF8214431270096A24E /* LaunchScreen.storyboard */ = {
			isa = PBXVariantGroup;
			children = (
				AA6B2CF9214431270096A24E /* Base */,
			);
			name = LaunchScreen.storyboard;
			sourceTree = "<group>";
		};
/* End PBXVariantGroup section */

/* Begin XCBuildConfiguration section */
		AA6B2CFC214431270096A24E /* Debug */ = {
			isa = XCBuildConfiguration;
			buildSettings = {
				ALWAYS_SEARCH_USER_PATHS = NO;
				CLANG_ANALYZER_NONNULL = YES;
				CLANG_ANALYZER_NUMBER_OBJECT_CONVERSION = YES_AGGRESSIVE;
				CLANG_CXX_LANGUAGE_STANDARD = "gnu++14";
				CLANG_CXX_LIBRARY = "libc++";
				CLANG_ENABLE_MODULES = YES;
				CLANG_ENABLE_OBJC_ARC = YES;
				CLANG_ENABLE_OBJC_WEAK = YES;
				CLANG_WARN_BLOCK_CAPTURE_AUTORELEASING = YES;
				CLANG_WARN_BOOL_CONVERSION = YES;
				CLANG_WARN_COMMA = YES;
				CLANG_WARN_CONSTANT_CONVERSION = YES;
				CLANG_WARN_DEPRECATED_OBJC_IMPLEMENTATIONS = YES;
				CLANG_WARN_DIRECT_OBJC_ISA_USAGE = YES_ERROR;
				CLANG_WARN_DOCUMENTATION_COMMENTS = YES;
				CLANG_WARN_EMPTY_BODY = YES;
				CLANG_WARN_ENUM_CONVERSION = YES;
				CLANG_WARN_INFINITE_RECURSION = YES;
				CLANG_WARN_INT_CONVERSION = YES;
				CLANG_WARN_NON_LITERAL_NULL_CONVERSION = YES;
				CLANG_WARN_OBJC_IMPLICIT_RETAIN_SELF = YES;
				CLANG_WARN_OBJC_LITERAL_CONVERSION = YES;
				CLANG_WARN_OBJC_ROOT_CLASS = YES_ERROR;
				CLANG_WARN_RANGE_LOOP_ANALYSIS = YES;
				CLANG_WARN_STRICT_PROTOTYPES = YES;
				CLANG_WARN_SUSPICIOUS_MOVE = YES;
				CLANG_WARN_UNGUARDED_AVAILABILITY = YES_AGGRESSIVE;
				CLANG_WARN_UNREACHABLE_CODE = YES;
				CLANG_WARN__DUPLICATE_METHOD_MATCH = YES;
				CODE_SIGN_IDENTITY = "iPhone Developer";
				COPY_PHASE_STRIP = NO;
				DEBUG_INFORMATION_FORMAT = dwarf;
				ENABLE_STRICT_OBJC_MSGSEND = YES;
				ENABLE_TESTABILITY = YES;
				GCC_C_LANGUAGE_STANDARD = gnu11;
				GCC_DYNAMIC_NO_PIC = NO;
				GCC_NO_COMMON_BLOCKS = YES;
				GCC_OPTIMIZATION_LEVEL = 0;
				GCC_PREPROCESSOR_DEFINITIONS = (
					"DEBUG=1",
					"$(inherited)",
				);
				GCC_WARN_64_TO_32_BIT_CONVERSION = YES;
				GCC_WARN_ABOUT_RETURN_TYPE = YES_ERROR;
				GCC_WARN_UNDECLARED_SELECTOR = YES;
				GCC_WARN_UNINITIALIZED_AUTOS = YES_AGGRESSIVE;
				GCC_WARN_UNUSED_FUNCTION = YES;
				GCC_WARN_UNUSED_VARIABLE = YES;
				IPHONEOS_DEPLOYMENT_TARGET = 11.4;
				MTL_ENABLE_DEBUG_INFO = YES;
				ONLY_ACTIVE_ARCH = YES;
				SDKROOT = iphoneos;
				SWIFT_ACTIVE_COMPILATION_CONDITIONS = DEBUG;
				SWIFT_OPTIMIZATION_LEVEL = "-Onone";
			};
			name = Debug;
		};
		AA6B2CFD214431270096A24E /* Release */ = {
			isa = XCBuildConfiguration;
			buildSettings = {
				ALWAYS_SEARCH_USER_PATHS = NO;
				CLANG_ANALYZER_NONNULL = YES;
				CLANG_ANALYZER_NUMBER_OBJECT_CONVERSION = YES_AGGRESSIVE;
				CLANG_CXX_LANGUAGE_STANDARD = "gnu++14";
				CLANG_CXX_LIBRARY = "libc++";
				CLANG_ENABLE_MODULES = YES;
				CLANG_ENABLE_OBJC_ARC = YES;
				CLANG_ENABLE_OBJC_WEAK = YES;
				CLANG_WARN_BLOCK_CAPTURE_AUTORELEASING = YES;
				CLANG_WARN_BOOL_CONVERSION = YES;
				CLANG_WARN_COMMA = YES;
				CLANG_WARN_CONSTANT_CONVERSION = YES;
				CLANG_WARN_DEPRECATED_OBJC_IMPLEMENTATIONS = YES;
				CLANG_WARN_DIRECT_OBJC_ISA_USAGE = YES_ERROR;
				CLANG_WARN_DOCUMENTATION_COMMENTS = YES;
				CLANG_WARN_EMPTY_BODY = YES;
				CLANG_WARN_ENUM_CONVERSION = YES;
				CLANG_WARN_INFINITE_RECURSION = YES;
				CLANG_WARN_INT_CONVERSION = YES;
				CLANG_WARN_NON_LITERAL_NULL_CONVERSION = YES;
				CLANG_WARN_OBJC_IMPLICIT_RETAIN_SELF = YES;
				CLANG_WARN_OBJC_LITERAL_CONVERSION = YES;
				CLANG_WARN_OBJC_ROOT_CLASS = YES_ERROR;
				CLANG_WARN_RANGE_LOOP_ANALYSIS = YES;
				CLANG_WARN_STRICT_PROTOTYPES = YES;
				CLANG_WARN_SUSPICIOUS_MOVE = YES;
				CLANG_WARN_UNGUARDED_AVAILABILITY = YES_AGGRESSIVE;
				CLANG_WARN_UNREACHABLE_CODE = YES;
				CLANG_WARN__DUPLICATE_METHOD_MATCH = YES;
				CODE_SIGN_IDENTITY = "iPhone Developer";
				COPY_PHASE_STRIP = NO;
				DEBUG_INFORMATION_FORMAT = "dwarf-with-dsym";
				ENABLE_NS_ASSERTIONS = NO;
				ENABLE_STRICT_OBJC_MSGSEND = YES;
				GCC_C_LANGUAGE_STANDARD = gnu11;
				GCC_NO_COMMON_BLOCKS = YES;
				GCC_WARN_64_TO_32_BIT_CONVERSION = YES;
				GCC_WARN_ABOUT_RETURN_TYPE = YES_ERROR;
				GCC_WARN_UNDECLARED_SELECTOR = YES;
				GCC_WARN_UNINITIALIZED_AUTOS = YES_AGGRESSIVE;
				GCC_WARN_UNUSED_FUNCTION = YES;
				GCC_WARN_UNUSED_VARIABLE = YES;
				IPHONEOS_DEPLOYMENT_TARGET = 11.4;
				MTL_ENABLE_DEBUG_INFO = NO;
				SDKROOT = iphoneos;
				SWIFT_COMPILATION_MODE = wholemodule;
				SWIFT_OPTIMIZATION_LEVEL = "-O";
				VALIDATE_PRODUCT = YES;
			};
			name = Release;
		};
		AA6B2CFF214431270096A24E /* Debug */ = {
			isa = XCBuildConfiguration;
			baseConfigurationReference = 42D64E8960358071C727D4AD /* Pods-kissa_accounting.debug.xcconfig */;
			buildSettings = {
				ASSETCATALOG_COMPILER_APPICON_NAME = AppIcon;
				CODE_SIGN_STYLE = Automatic;
				DEVELOPMENT_TEAM = 63MASNSR4G;
				ENABLE_BITCODE = YES;
				INFOPLIST_FILE = kissa_accounting/Info.plist;
				IPHONEOS_DEPLOYMENT_TARGET = 12.0;
				LD_RUNPATH_SEARCH_PATHS = (
					"$(inherited)",
					"@executable_path/Frameworks",
				);
				PRODUCT_BUNDLE_IDENTIFIER = "Kei.kissa-accounting";
				PRODUCT_NAME = "$(TARGET_NAME)";
				SWIFT_VERSION = 4.2;
				TARGETED_DEVICE_FAMILY = 2;
			};
			name = Debug;
		};
		AA6B2D00214431270096A24E /* Release */ = {
			isa = XCBuildConfiguration;
			baseConfigurationReference = 68686639555A14A6602EAB62 /* Pods-kissa_accounting.release.xcconfig */;
			buildSettings = {
				ASSETCATALOG_COMPILER_APPICON_NAME = AppIcon;
				CODE_SIGN_STYLE = Automatic;
				DEVELOPMENT_TEAM = 63MASNSR4G;
				ENABLE_BITCODE = YES;
				INFOPLIST_FILE = kissa_accounting/Info.plist;
				IPHONEOS_DEPLOYMENT_TARGET = 12.0;
				LD_RUNPATH_SEARCH_PATHS = (
					"$(inherited)",
					"@executable_path/Frameworks",
				);
				PRODUCT_BUNDLE_IDENTIFIER = "Kei.kissa-accounting";
				PRODUCT_NAME = "$(TARGET_NAME)";
				SWIFT_VERSION = 4.2;
				TARGETED_DEVICE_FAMILY = 2;
			};
			name = Release;
		};
/* End XCBuildConfiguration section */

/* Begin XCConfigurationList section */
		AA6B2CE7214431250096A24E /* Build configuration list for PBXProject "kissa_accounting" */ = {
			isa = XCConfigurationList;
			buildConfigurations = (
				AA6B2CFC214431270096A24E /* Debug */,
				AA6B2CFD214431270096A24E /* Release */,
			);
			defaultConfigurationIsVisible = 0;
			defaultConfigurationName = Release;
		};
		AA6B2CFE214431270096A24E /* Build configuration list for PBXNativeTarget "kissa_accounting" */ = {
			isa = XCConfigurationList;
			buildConfigurations = (
				AA6B2CFF214431270096A24E /* Debug */,
				AA6B2D00214431270096A24E /* Release */,
			);
			defaultConfigurationIsVisible = 0;
			defaultConfigurationName = Release;
		};
/* End XCConfigurationList section */
	};
	rootObject = AA6B2CE4214431250096A24E /* Project object */;
}
